// !$*UTF8*$!
{
	archiveVersion = 1;
	classes = {
	};
	objectVersion = 50;
	objects = {

/* Begin PBXBuildFile section */
		6E15B7DE2569A2B800588607 /* hopMastERApp.swift in Sources */ = {isa = PBXBuildFile; fileRef = 6E15B7DD2569A2B800588607 /* hopMastERApp.swift */; };
		6E15B7E02569A2B800588607 /* ContentView.swift in Sources */ = {isa = PBXBuildFile; fileRef = 6E15B7DF2569A2B800588607 /* ContentView.swift */; };
		6E15B7E22569A2BC00588607 /* Assets.xcassets in Resources */ = {isa = PBXBuildFile; fileRef = 6E15B7E12569A2BC00588607 /* Assets.xcassets */; };
		6E15B7E52569A2BC00588607 /* Preview Assets.xcassets in Resources */ = {isa = PBXBuildFile; fileRef = 6E15B7E42569A2BC00588607 /* Preview Assets.xcassets */; };
		6E15B7F02569A2BD00588607 /* hopMastERTests.swift in Sources */ = {isa = PBXBuildFile; fileRef = 6E15B7EF2569A2BD00588607 /* hopMastERTests.swift */; };
		6E15B7FB2569A2BD00588607 /* hopMastERUITests.swift in Sources */ = {isa = PBXBuildFile; fileRef = 6E15B7FA2569A2BD00588607 /* hopMastERUITests.swift */; };
		6E15B8112569AA9300588607 /* Videos.swift in Sources */ = {isa = PBXBuildFile; fileRef = 6E15B8102569AA9300588607 /* Videos.swift */; };
/* End PBXBuildFile section */

/* Begin PBXContainerItemProxy section */
		6E15B7EC2569A2BD00588607 /* PBXContainerItemProxy */ = {
			isa = PBXContainerItemProxy;
			containerPortal = 6E15B7D22569A2B800588607 /* Project object */;
			proxyType = 1;
			remoteGlobalIDString = 6E15B7D92569A2B800588607;
			remoteInfo = hopMastER;
		};
		6E15B7F72569A2BD00588607 /* PBXContainerItemProxy */ = {
			isa = PBXContainerItemProxy;
			containerPortal = 6E15B7D22569A2B800588607 /* Project object */;
			proxyType = 1;
			remoteGlobalIDString = 6E15B7D92569A2B800588607;
			remoteInfo = hopMastER;
		};
/* End PBXContainerItemProxy section */

/* Begin PBXFileReference section */
		6E15B7DA2569A2B800588607 /* hopMastER.app */ = {isa = PBXFileReference; explicitFileType = wrapper.application; includeInIndex = 0; path = hopMastER.app; sourceTree = BUILT_PRODUCTS_DIR; };
		6E15B7DD2569A2B800588607 /* hopMastERApp.swift */ = {isa = PBXFileReference; lastKnownFileType = sourcecode.swift; path = hopMastERApp.swift; sourceTree = "<group>"; };
		6E15B7DF2569A2B800588607 /* ContentView.swift */ = {isa = PBXFileReference; lastKnownFileType = sourcecode.swift; path = ContentView.swift; sourceTree = "<group>"; };
		6E15B7E12569A2BC00588607 /* Assets.xcassets */ = {isa = PBXFileReference; lastKnownFileType = folder.assetcatalog; path = Assets.xcassets; sourceTree = "<group>"; };
		6E15B7E42569A2BC00588607 /* Preview Assets.xcassets */ = {isa = PBXFileReference; lastKnownFileType = folder.assetcatalog; path = "Preview Assets.xcassets"; sourceTree = "<group>"; };
		6E15B7E62569A2BC00588607 /* Info.plist */ = {isa = PBXFileReference; lastKnownFileType = text.plist.xml; path = Info.plist; sourceTree = "<group>"; };
		6E15B7EB2569A2BD00588607 /* hopMastERTests.xctest */ = {isa = PBXFileReference; explicitFileType = wrapper.cfbundle; includeInIndex = 0; path = hopMastERTests.xctest; sourceTree = BUILT_PRODUCTS_DIR; };
		6E15B7EF2569A2BD00588607 /* hopMastERTests.swift */ = {isa = PBXFileReference; lastKnownFileType = sourcecode.swift; path = hopMastERTests.swift; sourceTree = "<group>"; };
		6E15B7F12569A2BD00588607 /* Info.plist */ = {isa = PBXFileReference; lastKnownFileType = text.plist.xml; path = Info.plist; sourceTree = "<group>"; };
		6E15B7F62569A2BD00588607 /* hopMastERUITests.xctest */ = {isa = PBXFileReference; explicitFileType = wrapper.cfbundle; includeInIndex = 0; path = hopMastERUITests.xctest; sourceTree = BUILT_PRODUCTS_DIR; };
		6E15B7FA2569A2BD00588607 /* hopMastERUITests.swift */ = {isa = PBXFileReference; lastKnownFileType = sourcecode.swift; path = hopMastERUITests.swift; sourceTree = "<group>"; };
		6E15B7FC2569A2BD00588607 /* Info.plist */ = {isa = PBXFileReference; lastKnownFileType = text.plist.xml; path = Info.plist; sourceTree = "<group>"; };
		6E15B8102569AA9300588607 /* Videos.swift */ = {isa = PBXFileReference; lastKnownFileType = sourcecode.swift; path = Videos.swift; sourceTree = "<group>"; };
/* End PBXFileReference section */

/* Begin PBXFrameworksBuildPhase section */
		6E15B7D72569A2B800588607 /* Frameworks */ = {
			isa = PBXFrameworksBuildPhase;
			buildActionMask = 2147483647;
			files = (
			);
			runOnlyForDeploymentPostprocessing = 0;
		};
		6E15B7E82569A2BD00588607 /* Frameworks */ = {
			isa = PBXFrameworksBuildPhase;
			buildActionMask = 2147483647;
			files = (
			);
			runOnlyForDeploymentPostprocessing = 0;
		};
		6E15B7F32569A2BD00588607 /* Frameworks */ = {
			isa = PBXFrameworksBuildPhase;
			buildActionMask = 2147483647;
			files = (
			);
			runOnlyForDeploymentPostprocessing = 0;
		};
/* End PBXFrameworksBuildPhase section */

/* Begin PBXGroup section */
		6E15B7D12569A2B800588607 = {
			isa = PBXGroup;
			children = (
				6E15B7DC2569A2B800588607 /* hopMastER */,
				6E15B7EE2569A2BD00588607 /* hopMastERTests */,
				6E15B7F92569A2BD00588607 /* hopMastERUITests */,
				6E15B7DB2569A2B800588607 /* Products */,
			);
			sourceTree = "<group>";
		};
		6E15B7DB2569A2B800588607 /* Products */ = {
			isa = PBXGroup;
			children = (
				6E15B7DA2569A2B800588607 /* hopMastER.app */,
				6E15B7EB2569A2BD00588607 /* hopMastERTests.xctest */,
				6E15B7F62569A2BD00588607 /* hopMastERUITests.xctest */,
			);
			name = Products;
			sourceTree = "<group>";
		};
		6E15B7DC2569A2B800588607 /* hopMastER */ = {
			isa = PBXGroup;
			children = (
				6E15B7DD2569A2B800588607 /* hopMastERApp.swift */,
				6E15B7DF2569A2B800588607 /* ContentView.swift */,
				6E15B7E12569A2BC00588607 /* Assets.xcassets */,
				6E15B8102569AA9300588607 /* Videos.swift */,
				6E15B7E62569A2BC00588607 /* Info.plist */,
				6E15B7E32569A2BC00588607 /* Preview Content */,
			);
			path = hopMastER;
			sourceTree = "<group>";
		};
		6E15B7E32569A2BC00588607 /* Preview Content */ = {
			isa = PBXGroup;
			children = (
				6E15B7E42569A2BC00588607 /* Preview Assets.xcassets */,
			);
			path = "Preview Content";
			sourceTree = "<group>";
		};
		6E15B7EE2569A2BD00588607 /* hopMastERTests */ = {
			isa = PBXGroup;
			children = (
				6E15B7EF2569A2BD00588607 /* hopMastERTests.swift */,
				6E15B7F12569A2BD00588607 /* Info.plist */,
			);
			path = hopMastERTests;
			sourceTree = "<group>";
		};
		6E15B7F92569A2BD00588607 /* hopMastERUITests */ = {
			isa = PBXGroup;
			children = (
				6E15B7FA2569A2BD00588607 /* hopMastERUITests.swift */,
				6E15B7FC2569A2BD00588607 /* Info.plist */,
			);
			path = hopMastERUITests;
			sourceTree = "<group>";
		};
/* End PBXGroup section */

/* Begin PBXNativeTarget section */
		6E15B7D92569A2B800588607 /* hopMastER */ = {
			isa = PBXNativeTarget;
			buildConfigurationList = 6E15B7FF2569A2BD00588607 /* Build configuration list for PBXNativeTarget "hopMastER" */;
			buildPhases = (
				6E15B7D62569A2B800588607 /* Sources */,
				6E15B7D72569A2B800588607 /* Frameworks */,
				6E15B7D82569A2B800588607 /* Resources */,
			);
			buildRules = (
			);
			dependencies = (
			);
			name = hopMastER;
			productName = hopMastER;
			productReference = 6E15B7DA2569A2B800588607 /* hopMastER.app */;
			productType = "com.apple.product-type.application";
		};
		6E15B7EA2569A2BD00588607 /* hopMastERTests */ = {
			isa = PBXNativeTarget;
			buildConfigurationList = 6E15B8022569A2BD00588607 /* Build configuration list for PBXNativeTarget "hopMastERTests" */;
			buildPhases = (
				6E15B7E72569A2BD00588607 /* Sources */,
				6E15B7E82569A2BD00588607 /* Frameworks */,
				6E15B7E92569A2BD00588607 /* Resources */,
			);
			buildRules = (
			);
			dependencies = (
				6E15B7ED2569A2BD00588607 /* PBXTargetDependency */,
			);
			name = hopMastERTests;
			productName = hopMastERTests;
			productReference = 6E15B7EB2569A2BD00588607 /* hopMastERTests.xctest */;
			productType = "com.apple.product-type.bundle.unit-test";
		};
		6E15B7F52569A2BD00588607 /* hopMastERUITests */ = {
			isa = PBXNativeTarget;
			buildConfigurationList = 6E15B8052569A2BD00588607 /* Build configuration list for PBXNativeTarget "hopMastERUITests" */;
			buildPhases = (
				6E15B7F22569A2BD00588607 /* Sources */,
				6E15B7F32569A2BD00588607 /* Frameworks */,
				6E15B7F42569A2BD00588607 /* Resources */,
			);
			buildRules = (
			);
			dependencies = (
				6E15B7F82569A2BD00588607 /* PBXTargetDependency */,
			);
			name = hopMastERUITests;
			productName = hopMastERUITests;
			productReference = 6E15B7F62569A2BD00588607 /* hopMastERUITests.xctest */;
			productType = "com.apple.product-type.bundle.ui-testing";
		};
/* End PBXNativeTarget section */

/* Begin PBXProject section */
		6E15B7D22569A2B800588607 /* Project object */ = {
			isa = PBXProject;
			attributes = {
				LastSwiftUpdateCheck = 1220;
				LastUpgradeCheck = 1220;
				TargetAttributes = {
					6E15B7D92569A2B800588607 = {
						CreatedOnToolsVersion = 12.2;
					};
					6E15B7EA2569A2BD00588607 = {
						CreatedOnToolsVersion = 12.2;
						TestTargetID = 6E15B7D92569A2B800588607;
					};
					6E15B7F52569A2BD00588607 = {
						CreatedOnToolsVersion = 12.2;
						TestTargetID = 6E15B7D92569A2B800588607;
					};
				};
			};
			buildConfigurationList = 6E15B7D52569A2B800588607 /* Build configuration list for PBXProject "hopMastER" */;
			compatibilityVersion = "Xcode 9.3";
			developmentRegion = en;
			hasScannedForEncodings = 0;
			knownRegions = (
				en,
				Base,
			);
			mainGroup = 6E15B7D12569A2B800588607;
			productRefGroup = 6E15B7DB2569A2B800588607 /* Products */;
			projectDirPath = "";
			projectRoot = "";
			targets = (
				6E15B7D92569A2B800588607 /* hopMastER */,
				6E15B7EA2569A2BD00588607 /* hopMastERTests */,
				6E15B7F52569A2BD00588607 /* hopMastERUITests */,
			);
		};
/* End PBXProject section */

/* Begin PBXResourcesBuildPhase section */
		6E15B7D82569A2B800588607 /* Resources */ = {
			isa = PBXResourcesBuildPhase;
			buildActionMask = 2147483647;
			files = (
				6E15B7E52569A2BC00588607 /* Preview Assets.xcassets in Resources */,
				6E15B7E22569A2BC00588607 /* Assets.xcassets in Resources */,
			);
			runOnlyForDeploymentPostprocessing = 0;
		};
		6E15B7E92569A2BD00588607 /* Resources */ = {
			isa = PBXResourcesBuildPhase;
			buildActionMask = 2147483647;
			files = (
			);
			runOnlyForDeploymentPostprocessing = 0;
		};
		6E15B7F42569A2BD00588607 /* Resources */ = {
			isa = PBXResourcesBuildPhase;
			buildActionMask = 2147483647;
			files = (
			);
			runOnlyForDeploymentPostprocessing = 0;
		};
/* End PBXResourcesBuildPhase section */

/* Begin PBXSourcesBuildPhase section */
		6E15B7D62569A2B800588607 /* Sources */ = {
			isa = PBXSourcesBuildPhase;
			buildActionMask = 2147483647;
			files = (
				6E15B7E02569A2B800588607 /* ContentView.swift in Sources */,
				6E15B8112569AA9300588607 /* Videos.swift in Sources */,
				6E15B7DE2569A2B800588607 /* hopMastERApp.swift in Sources */,
			);
			runOnlyForDeploymentPostprocessing = 0;
		};
		6E15B7E72569A2BD00588607 /* Sources */ = {
			isa = PBXSourcesBuildPhase;
			buildActionMask = 2147483647;
			files = (
				6E15B7F02569A2BD00588607 /* hopMastERTests.swift in Sources */,
			);
			runOnlyForDeploymentPostprocessing = 0;
		};
		6E15B7F22569A2BD00588607 /* Sources */ = {
			isa = PBXSourcesBuildPhase;
			buildActionMask = 2147483647;
			files = (
				6E15B7FB2569A2BD00588607 /* hopMastERUITests.swift in Sources */,
			);
			runOnlyForDeploymentPostprocessing = 0;
		};
/* End PBXSourcesBuildPhase section */

/* Begin PBXTargetDependency section */
		6E15B7ED2569A2BD00588607 /* PBXTargetDependency */ = {
			isa = PBXTargetDependency;
			target = 6E15B7D92569A2B800588607 /* hopMastER */;
			targetProxy = 6E15B7EC2569A2BD00588607 /* PBXContainerItemProxy */;
		};
		6E15B7F82569A2BD00588607 /* PBXTargetDependency */ = {
			isa = PBXTargetDependency;
			target = 6E15B7D92569A2B800588607 /* hopMastER */;
			targetProxy = 6E15B7F72569A2BD00588607 /* PBXContainerItemProxy */;
		};
/* End PBXTargetDependency section */

/* Begin XCBuildConfiguration section */
		6E15B7FD2569A2BD00588607 /* Debug */ = {
			isa = XCBuildConfiguration;
			buildSettings = {
				ALWAYS_SEARCH_USER_PATHS = NO;
				CLANG_ANALYZER_NONNULL = YES;
				CLANG_ANALYZER_NUMBER_OBJECT_CONVERSION = YES_AGGRESSIVE;
				CLANG_CXX_LANGUAGE_STANDARD = "gnu++14";
				CLANG_CXX_LIBRARY = "libc++";
				CLANG_ENABLE_MODULES = YES;
				CLANG_ENABLE_OBJC_ARC = YES;
				CLANG_ENABLE_OBJC_WEAK = YES;
				CLANG_WARN_BLOCK_CAPTURE_AUTORELEASING = YES;
				CLANG_WARN_BOOL_CONVERSION = YES;
				CLANG_WARN_COMMA = YES;
				CLANG_WARN_CONSTANT_CONVERSION = YES;
				CLANG_WARN_DEPRECATED_OBJC_IMPLEMENTATIONS = YES;
				CLANG_WARN_DIRECT_OBJC_ISA_USAGE = YES_ERROR;
				CLANG_WARN_DOCUMENTATION_COMMENTS = YES;
				CLANG_WARN_EMPTY_BODY = YES;
				CLANG_WARN_ENUM_CONVERSION = YES;
				CLANG_WARN_INFINITE_RECURSION = YES;
				CLANG_WARN_INT_CONVERSION = YES;
				CLANG_WARN_NON_LITERAL_NULL_CONVERSION = YES;
				CLANG_WARN_OBJC_IMPLICIT_RETAIN_SELF = YES;
				CLANG_WARN_OBJC_LITERAL_CONVERSION = YES;
				CLANG_WARN_OBJC_ROOT_CLASS = YES_ERROR;
				CLANG_WARN_QUOTED_INCLUDE_IN_FRAMEWORK_HEADER = YES;
				CLANG_WARN_RANGE_LOOP_ANALYSIS = YES;
				CLANG_WARN_STRICT_PROTOTYPES = YES;
				CLANG_WARN_SUSPICIOUS_MOVE = YES;
				CLANG_WARN_UNGUARDED_AVAILABILITY = YES_AGGRESSIVE;
				CLANG_WARN_UNREACHABLE_CODE = YES;
				CLANG_WARN__DUPLICATE_METHOD_MATCH = YES;
				COPY_PHASE_STRIP = NO;
				DEBUG_INFORMATION_FORMAT = dwarf;
				ENABLE_STRICT_OBJC_MSGSEND = YES;
				ENABLE_TESTABILITY = YES;
				GCC_C_LANGUAGE_STANDARD = gnu11;
				GCC_DYNAMIC_NO_PIC = NO;
				GCC_NO_COMMON_BLOCKS = YES;
				GCC_OPTIMIZATION_LEVEL = 0;
				GCC_PREPROCESSOR_DEFINITIONS = (
					"DEBUG=1",
					"$(inherited)",
				);
				GCC_WARN_64_TO_32_BIT_CONVERSION = YES;
				GCC_WARN_ABOUT_RETURN_TYPE = YES_ERROR;
				GCC_WARN_UNDECLARED_SELECTOR = YES;
				GCC_WARN_UNINITIALIZED_AUTOS = YES_AGGRESSIVE;
				GCC_WARN_UNUSED_FUNCTION = YES;
				GCC_WARN_UNUSED_VARIABLE = YES;
				IPHONEOS_DEPLOYMENT_TARGET = 14.2;
				MTL_ENABLE_DEBUG_INFO = INCLUDE_SOURCE;
				MTL_FAST_MATH = YES;
				ONLY_ACTIVE_ARCH = YES;
				SDKROOT = iphoneos;
				SWIFT_ACTIVE_COMPILATION_CONDITIONS = DEBUG;
				SWIFT_OPTIMIZATION_LEVEL = "-Onone";
			};
			name = Debug;
		};
		6E15B7FE2569A2BD00588607 /* Release */ = {
			isa = XCBuildConfiguration;
			buildSettings = {
				ALWAYS_SEARCH_USER_PATHS = NO;
				CLANG_ANALYZER_NONNULL = YES;
				CLANG_ANALYZER_NUMBER_OBJECT_CONVERSION = YES_AGGRESSIVE;
				CLANG_CXX_LANGUAGE_STANDARD = "gnu++14";
				CLANG_CXX_LIBRARY = "libc++";
				CLANG_ENABLE_MODULES = YES;
				CLANG_ENABLE_OBJC_ARC = YES;
				CLANG_ENABLE_OBJC_WEAK = YES;
				CLANG_WARN_BLOCK_CAPTURE_AUTORELEASING = YES;
				CLANG_WARN_BOOL_CONVERSION = YES;
				CLANG_WARN_COMMA = YES;
				CLANG_WARN_CONSTANT_CONVERSION = YES;
				CLANG_WARN_DEPRECATED_OBJC_IMPLEMENTATIONS = YES;
				CLANG_WARN_DIRECT_OBJC_ISA_USAGE = YES_ERROR;
				CLANG_WARN_DOCUMENTATION_COMMENTS = YES;
				CLANG_WARN_EMPTY_BODY = YES;
				CLANG_WARN_ENUM_CONVERSION = YES;
				CLANG_WARN_INFINITE_RECURSION = YES;
				CLANG_WARN_INT_CONVERSION = YES;
				CLANG_WARN_NON_LITERAL_NULL_CONVERSION = YES;
				CLANG_WARN_OBJC_IMPLICIT_RETAIN_SELF = YES;
				CLANG_WARN_OBJC_LITERAL_CONVERSION = YES;
				CLANG_WARN_OBJC_ROOT_CLASS = YES_ERROR;
				CLANG_WARN_QUOTED_INCLUDE_IN_FRAMEWORK_HEADER = YES;
				CLANG_WARN_RANGE_LOOP_ANALYSIS = YES;
				CLANG_WARN_STRICT_PROTOTYPES = YES;
				CLANG_WARN_SUSPICIOUS_MOVE = YES;
				CLANG_WARN_UNGUARDED_AVAILABILITY = YES_AGGRESSIVE;
				CLANG_WARN_UNREACHABLE_CODE = YES;
				CLANG_WARN__DUPLICATE_METHOD_MATCH = YES;
				COPY_PHASE_STRIP = NO;
				DEBUG_INFORMATION_FORMAT = "dwarf-with-dsym";
				ENABLE_NS_ASSERTIONS = NO;
				ENABLE_STRICT_OBJC_MSGSEND = YES;
				GCC_C_LANGUAGE_STANDARD = gnu11;
				GCC_NO_COMMON_BLOCKS = YES;
				GCC_WARN_64_TO_32_BIT_CONVERSION = YES;
				GCC_WARN_ABOUT_RETURN_TYPE = YES_ERROR;
				GCC_WARN_UNDECLARED_SELECTOR = YES;
				GCC_WARN_UNINITIALIZED_AUTOS = YES_AGGRESSIVE;
				GCC_WARN_UNUSED_FUNCTION = YES;
				GCC_WARN_UNUSED_VARIABLE = YES;
				IPHONEOS_DEPLOYMENT_TARGET = 14.2;
				MTL_ENABLE_DEBUG_INFO = NO;
				MTL_FAST_MATH = YES;
				SDKROOT = iphoneos;
				SWIFT_COMPILATION_MODE = wholemodule;
				SWIFT_OPTIMIZATION_LEVEL = "-O";
				VALIDATE_PRODUCT = YES;
			};
			name = Release;
		};
		6E15B8002569A2BD00588607 /* Debug */ = {
			isa = XCBuildConfiguration;
			buildSettings = {
				ASSETCATALOG_COMPILER_APPICON_NAME = AppIcon;
				ASSETCATALOG_COMPILER_GLOBAL_ACCENT_COLOR_NAME = AccentColor;
				CODE_SIGN_STYLE = Automatic;
				DEVELOPMENT_ASSET_PATHS = "\"hopMastER/Preview Content\"";
				DEVELOPMENT_TEAM = FAGWR3VRS6;
				ENABLE_PREVIEWS = YES;
				INFOPLIST_FILE = hopMastER/Info.plist;
				IPHONEOS_DEPLOYMENT_TARGET = 14.0;
				LD_RUNPATH_SEARCH_PATHS = (
					"$(inherited)",
					"@executable_path/Frameworks",
				);
				PRODUCT_BUNDLE_IDENTIFIER = com.khensuraloveel.hopMastER;
				PRODUCT_NAME = "$(TARGET_NAME)";
				SWIFT_VERSION = 5.0;
				TARGETED_DEVICE_FAMILY = "1,2";
			};
			name = Debug;
		};
		6E15B8012569A2BD00588607 /* Release */ = {
			isa = XCBuildConfiguration;
			buildSettings = {
				ASSETCATALOG_COMPILER_APPICON_NAME = AppIcon;
				ASSETCATALOG_COMPILER_GLOBAL_ACCENT_COLOR_NAME = AccentColor;
				CODE_SIGN_STYLE = Automatic;
				DEVELOPMENT_ASSET_PATHS = "\"hopMastER/Preview Content\"";
				DEVELOPMENT_TEAM = FAGWR3VRS6;
				ENABLE_PREVIEWS = YES;
				INFOPLIST_FILE = hopMastER/Info.plist;
				IPHONEOS_DEPLOYMENT_TARGET = 14.0;
				LD_RUNPATH_SEARCH_PATHS = (
					"$(inherited)",
					"@executable_path/Frameworks",
				);
				PRODUCT_BUNDLE_IDENTIFIER = com.khensuraloveel.hopMastER;
				PRODUCT_NAME = "$(TARGET_NAME)";
				SWIFT_VERSION = 5.0;
				TARGETED_DEVICE_FAMILY = "1,2";
			};
			name = Release;
		};
		6E15B8032569A2BD00588607 /* Debug */ = {
			isa = XCBuildConfiguration;
			buildSettings = {
				ALWAYS_EMBED_SWIFT_STANDARD_LIBRARIES = YES;
				BUNDLE_LOADER = "$(TEST_HOST)";
				CODE_SIGN_STYLE = Automatic;
				DEVELOPMENT_TEAM = FAGWR3VRS6;
				INFOPLIST_FILE = hopMastERTests/Info.plist;
				IPHONEOS_DEPLOYMENT_TARGET = 14.0;
				LD_RUNPATH_SEARCH_PATHS = (
					"$(inherited)",
					"@executable_path/Frameworks",
					"@loader_path/Frameworks",
				);
				PRODUCT_BUNDLE_IDENTIFIER = com.khensuraloveel.hopMastERTests;
				PRODUCT_NAME = "$(TARGET_NAME)";
				SWIFT_VERSION = 5.0;
				TARGETED_DEVICE_FAMILY = "1,2";
				TEST_HOST = "$(BUILT_PRODUCTS_DIR)/hopMastER.app/hopMastER";
			};
			name = Debug;
		};
		6E15B8042569A2BD00588607 /* Release */ = {
			isa = XCBuildConfiguration;
			buildSettings = {
				ALWAYS_EMBED_SWIFT_STANDARD_LIBRARIES = YES;
				BUNDLE_LOADER = "$(TEST_HOST)";
				CODE_SIGN_STYLE = Automatic;
				DEVELOPMENT_TEAM = FAGWR3VRS6;
				INFOPLIST_FILE = hopMastERTests/Info.plist;
				IPHONEOS_DEPLOYMENT_TARGET = 14.0;
				LD_RUNPATH_SEARCH_PATHS = (
					"$(inherited)",
					"@executable_path/Frameworks",
					"@loader_path/Frameworks",
				);
				PRODUCT_BUNDLE_IDENTIFIER = com.khensuraloveel.hopMastERTests;
				PRODUCT_NAME = "$(TARGET_NAME)";
				SWIFT_VERSION = 5.0;
				TARGETED_DEVICE_FAMILY = "1,2";
				TEST_HOST = "$(BUILT_PRODUCTS_DIR)/hopMastER.app/hopMastER";
			};
			name = Release;
		};
		6E15B8062569A2BD00588607 /* Debug */ = {
			isa = XCBuildConfiguration;
			buildSettings = {
				ALWAYS_EMBED_SWIFT_STANDARD_LIBRARIES = YES;
				CODE_SIGN_STYLE = Automatic;
				DEVELOPMENT_TEAM = FAGWR3VRS6;
				INFOPLIST_FILE = hopMastERUITests/Info.plist;
				LD_RUNPATH_SEARCH_PATHS = (
					"$(inherited)",
					"@executable_path/Frameworks",
					"@loader_path/Frameworks",
				);
				PRODUCT_BUNDLE_IDENTIFIER = com.khensuraloveel.hopMastERUITests;
				PRODUCT_NAME = "$(TARGET_NAME)";
				SWIFT_VERSION = 5.0;
				TARGETED_DEVICE_FAMILY = "1,2";
				TEST_TARGET_NAME = hopMastER;
			};
			name = Debug;
		};
		6E15B8072569A2BD00588607 /* Release */ = {
			isa = XCBuildConfiguration;
			buildSettings = {
				ALWAYS_EMBED_SWIFT_STANDARD_LIBRARIES = YES;
				CODE_SIGN_STYLE = Automatic;
				DEVELOPMENT_TEAM = FAGWR3VRS6;
				INFOPLIST_FILE = hopMastERUITests/Info.plist;
				LD_RUNPATH_SEARCH_PATHS = (
					"$(inherited)",
					"@executable_path/Frameworks",
					"@loader_path/Frameworks",
				);
				PRODUCT_BUNDLE_IDENTIFIER = com.khensuraloveel.hopMastERUITests;
				PRODUCT_NAME = "$(TARGET_NAME)";
				SWIFT_VERSION = 5.0;
				TARGETED_DEVICE_FAMILY = "1,2";
				TEST_TARGET_NAME = hopMastER;
			};
			name = Release;
		};
/* End XCBuildConfiguration section */

/* Begin XCConfigurationList section */
		6E15B7D52569A2B800588607 /* Build configuration list for PBXProject "hopMastER" */ = {
			isa = XCConfigurationList;
			buildConfigurations = (
				6E15B7FD2569A2BD00588607 /* Debug */,
				6E15B7FE2569A2BD00588607 /* Release */,
			);
			defaultConfigurationIsVisible = 0;
			defaultConfigurationName = Release;
		};
		6E15B7FF2569A2BD00588607 /* Build configuration list for PBXNativeTarget "hopMastER" */ = {
			isa = XCConfigurationList;
			buildConfigurations = (
				6E15B8002569A2BD00588607 /* Debug */,
				6E15B8012569A2BD00588607 /* Release */,
			);
			defaultConfigurationIsVisible = 0;
			defaultConfigurationName = Release;
		};
		6E15B8022569A2BD00588607 /* Build configuration list for PBXNativeTarget "hopMastERTests" */ = {
			isa = XCConfigurationList;
			buildConfigurations = (
				6E15B8032569A2BD00588607 /* Debug */,
				6E15B8042569A2BD00588607 /* Release */,
			);
			defaultConfigurationIsVisible = 0;
			defaultConfigurationName = Release;
		};
		6E15B8052569A2BD00588607 /* Build configuration list for PBXNativeTarget "hopMastERUITests" */ = {
			isa = XCConfigurationList;
			buildConfigurations = (
				6E15B8062569A2BD00588607 /* Debug */,
				6E15B8072569A2BD00588607 /* Release */,
			);
			defaultConfigurationIsVisible = 0;
			defaultConfigurationName = Release;
		};
/* End XCConfigurationList section */
	};
	rootObject = 6E15B7D22569A2B800588607 /* Project object */;
}
